
Microsoft Visual Studio Solution File, Format Version 12.00
# Visual Studio 15
Project("{FAE04EC0-301F-11D3-BF4B-00C04F79EFBC}") = "Assembly-CSharp", "Assembly-CSharp.csproj", "{498B07BD-977A-118F-53E1-770A14D97F70}"
EndProject
Project("{FAE04EC0-301F-11D3-BF4B-00C04F79EFBC}") = "Assembly-CSharp-firstpass", "Assembly-CSharp-firstpass.csproj", "{5F68397D-30BF-7783-029F-52CE7B5DE6BD}"
EndProject
Project("{FAE04EC0-301F-11D3-BF4B-00C04F79EFBC}") = "Assembly-CSharp-Editor-firstpass", "Assembly-CSharp-Editor-firstpass.csproj", "{AA9FB02F-020F-6E23-B8C7-58BBDFAB48D3}"
EndProject
Global
	GlobalSection(SolutionConfigurationPlatforms) = preSolution
		Debug|Any CPU = Debug|Any CPU
		Release|Any CPU = Release|Any CPU
	EndGlobalSection
	GlobalSection(ProjectConfigurationPlatforms) = postSolution
		{498B07BD-977A-118F-53E1-770A14D97F70}.Debug|Any CPU.ActiveCfg = Debug|Any CPU
		{498B07BD-977A-118F-53E1-770A14D97F70}.Debug|Any CPU.Build.0 = Debug|Any CPU
		{498B07BD-977A-118F-53E1-770A14D97F70}.Release|Any CPU.ActiveCfg = Release|Any CPU
		{498B07BD-977A-118F-53E1-770A14D97F70}.Release|Any CPU.Build.0 = Release|Any CPU
		{5F68397D-30BF-7783-029F-52CE7B5DE6BD}.Debug|Any CPU.ActiveCfg = Debug|Any CPU
		{5F68397D-30BF-7783-029F-52CE7B5DE6BD}.Debug|Any CPU.Build.0 = Debug|Any CPU
		{5F68397D-30BF-7783-029F-52CE7B5DE6BD}.Release|Any CPU.ActiveCfg = Release|Any CPU
		{5F68397D-30BF-7783-029F-52CE7B5DE6BD}.Release|Any CPU.Build.0 = Release|Any CPU
		{AA9FB02F-020F-6E23-B8C7-58BBDFAB48D3}.Debug|Any CPU.ActiveCfg = Debug|Any CPU
		{AA9FB02F-020F-6E23-B8C7-58BBDFAB48D3}.Debug|Any CPU.Build.0 = Debug|Any CPU
		{AA9FB02F-020F-6E23-B8C7-58BBDFAB48D3}.Release|Any CPU.ActiveCfg = Release|Any CPU
		{AA9FB02F-020F-6E23-B8C7-58BBDFAB48D3}.Release|Any CPU.Build.0 = Release|Any CPU
	EndGlobalSection
	GlobalSection(SolutionProperties) = preSolution
		HideSolutionNode = FALSE
	EndGlobalSection
EndGlobal
